
Microsoft Visual Studio Solution File, Format Version 12.00
# Visual Studio Version 16
VisualStudioVersion = 16.0.29920.165
MinimumVisualStudioVersion = 10.0.40219.1
Project("{8BC9CEB8-8B4A-11D0-8D11-00A0C91BC942}") = "DreamTeam", "DreamTeam\DreamTeam.vcxproj", "{34D36FEC-6857-4DA8-A2B5-D2B7CC7719EE}"
EndProject
Global
	GlobalSection(SolutionConfigurationPlatforms) = preSolution
		Debug|x64 = Debug|x64
		Debug|x86 = Debug|x86
		Release|x64 = Release|x64
		Release|x86 = Release|x86
	EndGlobalSection
	GlobalSection(ProjectConfigurationPlatforms) = postSolution
		{34D36FEC-6857-4DA8-A2B5-D2B7CC7719EE}.Debug|x64.ActiveCfg = Debug|x64
		{34D36FEC-6857-4DA8-A2B5-D2B7CC7719EE}.Debug|x64.Build.0 = Debug|x64
		{34D36FEC-6857-4DA8-A2B5-D2B7CC7719EE}.Debug|x86.ActiveCfg = Debug|Win32
		{34D36FEC-6857-4DA8-A2B5-D2B7CC7719EE}.Debug|x86.Build.0 = Debug|Win32
		{34D36FEC-6857-4DA8-A2B5-D2B7CC7719EE}.Release|x64.ActiveCfg = Release|x64
		{34D36FEC-6857-4DA8-A2B5-D2B7CC7719EE}.Release|x64.Build.0 = Release|x64
		{34D36FEC-6857-4DA8-A2B5-D2B7CC7719EE}.Release|x86.ActiveCfg = Release|Win32
		{34D36FEC-6857-4DA8-A2B5-D2B7CC7719EE}.Release|x86.Build.0 = Release|Win32
	EndGlobalSection
	GlobalSection(SolutionProperties) = preSolution
		HideSolutionNode = FALSE
	EndGlobalSection
	GlobalSection(ExtensibilityGlobals) = postSolution
		SolutionGuid = {E53E3260-F6C5-447C-A17B-B3A838332B82}
	EndGlobalSection
EndGlobal
